
Microsoft Visual Studio Solution File, Format Version 12.00
# Visual Studio Version 16
VisualStudioVersion = 16.0.30104.148
MinimumVisualStudioVersion = 10.0.40219.1
Project("{2150E333-8FDC-42A3-9474-1A3956D46DE8}") = "1_DTO", "1_DTO", "{5DE96BE3-39B0-41AA-B699-D3B85C78B40C}"
EndProject
Project("{2150E333-8FDC-42A3-9474-1A3956D46DE8}") = "2_DataAccess", "2_DataAccess", "{9FA0B619-E604-4972-AA4F-3764192836D6}"
EndProject
Project("{2150E333-8FDC-42A3-9474-1A3956D46DE8}") = "3_AppCore", "3_AppCore", "{B580C09F-A961-4038-84C3-DAF702B4FE9A}"
EndProject
Project("{2150E333-8FDC-42A3-9474-1A3956D46DE8}") = "4_WebAPI", "4_WebAPI", "{0BFB28E4-829D-4144-86E4-FBD79C9CD33F}"
EndProject
Project("{2150E333-8FDC-42A3-9474-1A3956D46DE8}") = "5_WebUI", "5_WebUI", "{34427411-FF80-4BB6-BB39-24200180DF74}"
EndProject
Project("{9A19103F-16F7-4668-BE54-9A1E7A4F7556}") = "Entities", "Entities\Entities.csproj", "{62BFB522-45CA-4459-8F68-209C287500F0}"
EndProject
Project("{9A19103F-16F7-4668-BE54-9A1E7A4F7556}") = "DataAccessLayer", "DataAccessLayer\DataAccessLayer.csproj", "{A6C7F72F-DD8B-48CA-9932-1A573B1A1144}"
EndProject
Project("{9A19103F-16F7-4668-BE54-9A1E7A4F7556}") = "AppCore", "AppCore\AppCore.csproj", "{C6F2C32F-3DBE-4DD3-AB44-0EDA34155E28}"
EndProject
Project("{9A19103F-16F7-4668-BE54-9A1E7A4F7556}") = "Web_API", "Web_API\Web_API.csproj", "{37E3AE56-401C-42EE-B268-E892F17E468F}"
EndProject
Project("{9A19103F-16F7-4668-BE54-9A1E7A4F7556}") = "Web_UI", "Web_UI\Web_UI.csproj", "{3AE7BA89-AC5D-4ECB-B84D-D5BBFF141187}"
EndProject
Project("{2150E333-8FDC-42A3-9474-1A3956D46DE8}") = "6_Utils", "6_Utils", "{AD426619-265A-4C11-91EF-9A52333099DD}"
EndProject
Project("{9A19103F-16F7-4668-BE54-9A1E7A4F7556}") = "Utils", "Utils\Utils.csproj", "{11BBB1EC-D1DC-4063-8BA8-9C3A1BDD87C2}"
EndProject
Project("{2150E333-8FDC-42A3-9474-1A3956D46DE8}") = "7_Chatbot", "7_Chatbot", "{CC8C090B-A24D-4B65-9C17-08F7FE8D8E45}"
EndProject
Project("{FAE04EC0-301F-11D3-BF4B-00C04F79EFBC}") = "TelegramChatBot", "TelegramChatBot\TelegramChatBot.csproj", "{C079E07E-2EF4-4E02-9358-5C30FF89A96E}"
EndProject
Global
	GlobalSection(SolutionConfigurationPlatforms) = preSolution
		Debug|Any CPU = Debug|Any CPU
		Release|Any CPU = Release|Any CPU
	EndGlobalSection
	GlobalSection(ProjectConfigurationPlatforms) = postSolution
		{62BFB522-45CA-4459-8F68-209C287500F0}.Debug|Any CPU.ActiveCfg = Debug|Any CPU
		{62BFB522-45CA-4459-8F68-209C287500F0}.Debug|Any CPU.Build.0 = Debug|Any CPU
		{62BFB522-45CA-4459-8F68-209C287500F0}.Release|Any CPU.ActiveCfg = Release|Any CPU
		{62BFB522-45CA-4459-8F68-209C287500F0}.Release|Any CPU.Build.0 = Release|Any CPU
		{A6C7F72F-DD8B-48CA-9932-1A573B1A1144}.Debug|Any CPU.ActiveCfg = Debug|Any CPU
		{A6C7F72F-DD8B-48CA-9932-1A573B1A1144}.Debug|Any CPU.Build.0 = Debug|Any CPU
		{A6C7F72F-DD8B-48CA-9932-1A573B1A1144}.Release|Any CPU.ActiveCfg = Release|Any CPU
		{A6C7F72F-DD8B-48CA-9932-1A573B1A1144}.Release|Any CPU.Build.0 = Release|Any CPU
		{C6F2C32F-3DBE-4DD3-AB44-0EDA34155E28}.Debug|Any CPU.ActiveCfg = Debug|Any CPU
		{C6F2C32F-3DBE-4DD3-AB44-0EDA34155E28}.Debug|Any CPU.Build.0 = Debug|Any CPU
		{C6F2C32F-3DBE-4DD3-AB44-0EDA34155E28}.Release|Any CPU.ActiveCfg = Release|Any CPU
		{C6F2C32F-3DBE-4DD3-AB44-0EDA34155E28}.Release|Any CPU.Build.0 = Release|Any CPU
		{37E3AE56-401C-42EE-B268-E892F17E468F}.Debug|Any CPU.ActiveCfg = Debug|Any CPU
		{37E3AE56-401C-42EE-B268-E892F17E468F}.Debug|Any CPU.Build.0 = Debug|Any CPU
		{37E3AE56-401C-42EE-B268-E892F17E468F}.Release|Any CPU.ActiveCfg = Release|Any CPU
		{37E3AE56-401C-42EE-B268-E892F17E468F}.Release|Any CPU.Build.0 = Release|Any CPU
		{3AE7BA89-AC5D-4ECB-B84D-D5BBFF141187}.Debug|Any CPU.ActiveCfg = Debug|Any CPU
		{3AE7BA89-AC5D-4ECB-B84D-D5BBFF141187}.Debug|Any CPU.Build.0 = Debug|Any CPU
		{3AE7BA89-AC5D-4ECB-B84D-D5BBFF141187}.Release|Any CPU.ActiveCfg = Release|Any CPU
		{3AE7BA89-AC5D-4ECB-B84D-D5BBFF141187}.Release|Any CPU.Build.0 = Release|Any CPU
		{11BBB1EC-D1DC-4063-8BA8-9C3A1BDD87C2}.Debug|Any CPU.ActiveCfg = Debug|Any CPU
		{11BBB1EC-D1DC-4063-8BA8-9C3A1BDD87C2}.Debug|Any CPU.Build.0 = Debug|Any CPU
		{11BBB1EC-D1DC-4063-8BA8-9C3A1BDD87C2}.Release|Any CPU.ActiveCfg = Release|Any CPU
		{11BBB1EC-D1DC-4063-8BA8-9C3A1BDD87C2}.Release|Any CPU.Build.0 = Release|Any CPU
		{C079E07E-2EF4-4E02-9358-5C30FF89A96E}.Debug|Any CPU.ActiveCfg = Debug|Any CPU
		{C079E07E-2EF4-4E02-9358-5C30FF89A96E}.Debug|Any CPU.Build.0 = Debug|Any CPU
		{C079E07E-2EF4-4E02-9358-5C30FF89A96E}.Release|Any CPU.ActiveCfg = Release|Any CPU
		{C079E07E-2EF4-4E02-9358-5C30FF89A96E}.Release|Any CPU.Build.0 = Release|Any CPU
	EndGlobalSection
	GlobalSection(SolutionProperties) = preSolution
		HideSolutionNode = FALSE
	EndGlobalSection
	GlobalSection(NestedProjects) = preSolution
		{62BFB522-45CA-4459-8F68-209C287500F0} = {5DE96BE3-39B0-41AA-B699-D3B85C78B40C}
		{A6C7F72F-DD8B-48CA-9932-1A573B1A1144} = {9FA0B619-E604-4972-AA4F-3764192836D6}
		{C6F2C32F-3DBE-4DD3-AB44-0EDA34155E28} = {B580C09F-A961-4038-84C3-DAF702B4FE9A}
		{37E3AE56-401C-42EE-B268-E892F17E468F} = {0BFB28E4-829D-4144-86E4-FBD79C9CD33F}
		{3AE7BA89-AC5D-4ECB-B84D-D5BBFF141187} = {34427411-FF80-4BB6-BB39-24200180DF74}
		{11BBB1EC-D1DC-4063-8BA8-9C3A1BDD87C2} = {AD426619-265A-4C11-91EF-9A52333099DD}
		{C079E07E-2EF4-4E02-9358-5C30FF89A96E} = {CC8C090B-A24D-4B65-9C17-08F7FE8D8E45}
	EndGlobalSection
	GlobalSection(ExtensibilityGlobals) = postSolution
		SolutionGuid = {1D06A0E4-D382-487D-842D-E4A0ECC58CDE}
	EndGlobalSection
EndGlobal
